github.com/davecgh/go-spew v1.1.0 h1:ZDRjVQ15GmhC3fiQ8ni8+OwkZQO4DARzQgrnXU1Liz8=
github.com/davecgh/go-spew v1.1.0/go.mod h1:J7Y8YcW2NihsgmVo/mv3lAwl/skON4iLHjSsI+c5H38=
github.com/edge/atomiccounter v0.0.0-20210118102141-a90281e7bd3a h1:lRRIRcHsGM5p5bz79VHVyrTMKV5puIlj68bU9Q7tx0o=
github.com/edge/atomiccounter v0.0.0-20210118102141-a90281e7bd3a/go.mod h1:J5mXM3GpSEKHHWCM2/kW5D/RUaq1Ha7AnxYEFdK2Wvc=
github.com/edge/atomicstore v0.0.0-20210504164613-6655afcec241 h1:A9WWw4JLD9b6EbT0aSkmwsP2xlUGJ7S1CMzX7gKWvI8=
github.com/edge/atomicstore v0.0.0-20210504164613-6655afcec241/go.mod h1:oBXOZjh2kMnr0vMX7g3uoaeMowujWEBishvPVOTZNLU=
github.com/edge/workers v0.0.0-20210504164913-5b0ef662bbff h1:IwJDtsoDJGzevt7RmsgJGKBVnNrj5T5ZsOgFI7nxDac=
github.com/edge/workers v0.0.0-20210504164913-5b0ef662bbff/go.mod h1:d/J7dflBmxpbI8WVXb+sNkx9eVKYof1RP5KezqDxnmc=
github.com/pmezard/go-difflib v1.0.0 h1:4DBwDE0NGyQoBHbLQYPwSUPoCMWR5BEzIk/f1lZbAQM=
github.com/pmezard/go-difflib v1.0.0/go.mod h1:iKH77koFhYxTK1pcRnkKkqfTogsbg7gZNVY4sRDYZ/4=
github.com/stretchr/objx v0.1.0/go.mod h1:HFkY916IF+rwdDfMAkV7OtwuqBVzrE8GR6GFx+wExME=
github.com/stretchr/testify v1.7.0 h1:nwc3DEeHmmLAfoZucVR881uASk0Mfjw8xYJ99tb5CcY=
github.com/stretchr/testify v1.7.0/go.mod h1:6Fq8oRcR53rry900zMqJjRRixrwX3KX962/h/Wwjteg=
gopkg.in/check.v1 v0.0.0-20161208181325-20d25e280405 h1:yhCVgyC4o1eVCa2tZl7eS0r+SDo693bJlVdllGtEeKM=
gopkg.in/check.v1 v0.0.0-20161208181325-20d25e280405/go.mod h1:Co6ibVJAznAaIkqp8huTwlJQCZ016jof/cbN4VW5Yz0=
gopkg.in/yaml.v3 v3.0.0-20200313102051-9f266ea9e77c h1:dUUwHk2QECo/6vqA44rthZ8ie2QXMNeKRTHCNY2nXvo=
gopkg.in/yaml.v3 v3.0.0-20200313102051-9f266ea9e77c/go.mod h1:K4uyk7z7BCEPqu6E+C64Yfv1cQ7kz7rIZviUmN+EgEM=
